{
    "_meta": {
        "hash": {
            "sha256": "b76de27e25f31ea7005278f4c84c9896d5475b2acae0ed0c87488e968b3d9c57"
        },
        "pipfile-spec": 6,
        "requires": {
            "python_version": "3.9"
        },
        "sources": [
            {
                "name": "pypi",
                "url": "https://pypi.org/simple",
                "verify_ssl": true
            }
        ]
    },
    "default": {
        "importlib-resources": {
            "hashes": [
                "sha256:33a95faed5fc19b4bc16b29a6eeae248a3fe69dd55d4d229d2b480e23eeaad45",
                "sha256:d756e2f85dd4de2ba89be0b21dba2a3bbec2e871a42a3a16719258a11f87506b"
            ],
            "markers": "python_version >= '3.6'",
            "version": "==5.4.0"
        },
        "setuptools": {
            "hashes": [
                "sha256:a481fbc56b33f5d8f6b33dce41482e64c68b668be44ff42922903b03872590bf",
                "sha256:dae6b934a965c8a59d6d230d3867ec408bb95e73bd538ff77e71fedf1eaca729"
            ],
            "markers": "python_version >= '3.6'",
            "version": "==58.5.3"
        },
        "yachalk": {
            "hashes": [
                "sha256:14a0b9a5d8a281d7847fec4be159c27f201bb8af8434bd19611180a6c998824e",
                "sha256:a7bb6a3284a36d1c26858ef95034dc6a2eb5b5c82543de4a73290a20e559b52f"
            ],
            "index": "pypi",
            "version": "==0.1.4"
        },
        "zipp": {
            "hashes": [
                "sha256:71c644c5369f4a6e07636f0aa966270449561fcea2e3d6747b8d23efaa9d7832",
                "sha256:9fe5ea21568a0a70e50f273397638d39b03353731e6cbbb3fd8502a33fec40bc"
            ],
            "markers": "python_version < '3.10'",
            "version": "==3.6.0"
        }
    },
    "develop": {}
}
